// !$*UTF8*$!
{
	archiveVersion = 1;
	classes = {
	};
	objectVersion = 56;
	objects = {

/* Begin PBXBuildFile section */
		C9ADCFF92948659100D66B12 /* AppDelegate.swift in Sources */ = {isa = PBXBuildFile; fileRef = C9ADCFF82948659100D66B12 /* AppDelegate.swift */; };
		C9ADCFFB2948659100D66B12 /* SceneDelegate.swift in Sources */ = {isa = PBXBuildFile; fileRef = C9ADCFFA2948659100D66B12 /* SceneDelegate.swift */; };
		C9ADCFFD2948659100D66B12 /* ViewController.swift in Sources */ = {isa = PBXBuildFile; fileRef = C9ADCFFC2948659100D66B12 /* ViewController.swift */; };
		C9ADD0002948659100D66B12 /* Main.storyboard in Resources */ = {isa = PBXBuildFile; fileRef = C9ADCFFE2948659100D66B12 /* Main.storyboard */; };
		C9ADD0022948659300D66B12 /* Assets.xcassets in Resources */ = {isa = PBXBuildFile; fileRef = C9ADD0012948659300D66B12 /* Assets.xcassets */; };
		C9ADD0052948659300D66B12 /* LaunchScreen.storyboard in Resources */ = {isa = PBXBuildFile; fileRef = C9ADD0032948659300D66B12 /* LaunchScreen.storyboard */; };
		C9ADD00F294865C000D66B12 /* Model.swift in Sources */ = {isa = PBXBuildFile; fileRef = C9ADD00E294865C000D66B12 /* Model.swift */; };
		C9ADD0112948664F00D66B12 /* WeatherAPI.swift in Sources */ = {isa = PBXBuildFile; fileRef = C9ADD0102948664F00D66B12 /* WeatherAPI.swift */; };
		C9ADD0132948674800D66B12 /* ViewModel.swift in Sources */ = {isa = PBXBuildFile; fileRef = C9ADD0122948674800D66B12 /* ViewModel.swift */; };
		C9ADD01529486A0E00D66B12 /* UITextField+Publisher.swift in Sources */ = {isa = PBXBuildFile; fileRef = C9ADD01429486A0E00D66B12 /* UITextField+Publisher.swift */; };
/* End PBXBuildFile section */

/* Begin PBXFileReference section */
		C9ADCFF52948659100D66B12 /* WeatherAppCombine.app */ = {isa = PBXFileReference; explicitFileType = wrapper.application; includeInIndex = 0; path = WeatherAppCombine.app; sourceTree = BUILT_PRODUCTS_DIR; };
		C9ADCFF82948659100D66B12 /* AppDelegate.swift */ = {isa = PBXFileReference; lastKnownFileType = sourcecode.swift; path = AppDelegate.swift; sourceTree = "<group>"; };
		C9ADCFFA2948659100D66B12 /* SceneDelegate.swift */ = {isa = PBXFileReference; lastKnownFileType = sourcecode.swift; path = SceneDelegate.swift; sourceTree = "<group>"; };
		C9ADCFFC2948659100D66B12 /* ViewController.swift */ = {isa = PBXFileReference; lastKnownFileType = sourcecode.swift; path = ViewController.swift; sourceTree = "<group>"; };
		C9ADCFFF2948659100D66B12 /* Base */ = {isa = PBXFileReference; lastKnownFileType = file.storyboard; name = Base; path = Base.lproj/Main.storyboard; sourceTree = "<group>"; };
		C9ADD0012948659300D66B12 /* Assets.xcassets */ = {isa = PBXFileReference; lastKnownFileType = folder.assetcatalog; path = Assets.xcassets; sourceTree = "<group>"; };
		C9ADD0042948659300D66B12 /* Base */ = {isa = PBXFileReference; lastKnownFileType = file.storyboard; name = Base; path = Base.lproj/LaunchScreen.storyboard; sourceTree = "<group>"; };
		C9ADD0062948659300D66B12 /* Info.plist */ = {isa = PBXFileReference; lastKnownFileType = text.plist.xml; path = Info.plist; sourceTree = "<group>"; };
		C9ADD00E294865C000D66B12 /* Model.swift */ = {isa = PBXFileReference; lastKnownFileType = sourcecode.swift; path = Model.swift; sourceTree = "<group>"; };
		C9ADD0102948664F00D66B12 /* WeatherAPI.swift */ = {isa = PBXFileReference; lastKnownFileType = sourcecode.swift; path = WeatherAPI.swift; sourceTree = "<group>"; };
		C9ADD0122948674800D66B12 /* ViewModel.swift */ = {isa = PBXFileReference; lastKnownFileType = sourcecode.swift; path = ViewModel.swift; sourceTree = "<group>"; };
		C9ADD01429486A0E00D66B12 /* UITextField+Publisher.swift */ = {isa = PBXFileReference; lastKnownFileType = sourcecode.swift; path = "UITextField+Publisher.swift"; sourceTree = "<group>"; };
/* End PBXFileReference section */

/* Begin PBXFrameworksBuildPhase section */
		C9ADCFF22948659100D66B12 /* Frameworks */ = {
			isa = PBXFrameworksBuildPhase;
			buildActionMask = 2147483647;
			files = (
			);
			runOnlyForDeploymentPostprocessing = 0;
		};
/* End PBXFrameworksBuildPhase section */

/* Begin PBXGroup section */
		C9ADCFEC2948659100D66B12 = {
			isa = PBXGroup;
			children = (
				C9ADCFF72948659100D66B12 /* WeatherAppCombine */,
				C9ADCFF62948659100D66B12 /* Products */,
			);
			sourceTree = "<group>";
		};
		C9ADCFF62948659100D66B12 /* Products */ = {
			isa = PBXGroup;
			children = (
				C9ADCFF52948659100D66B12 /* WeatherAppCombine.app */,
			);
			name = Products;
			sourceTree = "<group>";
		};
		C9ADCFF72948659100D66B12 /* WeatherAppCombine */ = {
			isa = PBXGroup;
			children = (
				C9ADD01A2948763B00D66B12 /* Network */,
				C9ADD0192948761700D66B12 /* Extenshions */,
				C9ADD017294875E800D66B12 /* Model */,
				C9ADD016294875DD00D66B12 /* View */,
				C9ADD018294875EC00D66B12 /* ViewModel */,
				C9ADCFF82948659100D66B12 /* AppDelegate.swift */,
				C9ADCFFA2948659100D66B12 /* SceneDelegate.swift */,
				C9ADD0012948659300D66B12 /* Assets.xcassets */,
				C9ADD0032948659300D66B12 /* LaunchScreen.storyboard */,
				C9ADD0062948659300D66B12 /* Info.plist */,
			);
			path = WeatherAppCombine;
			sourceTree = "<group>";
		};
		C9ADD016294875DD00D66B12 /* View */ = {
			isa = PBXGroup;
			children = (
				C9ADCFFE2948659100D66B12 /* Main.storyboard */,
				C9ADCFFC2948659100D66B12 /* ViewController.swift */,
			);
			path = View;
			sourceTree = "<group>";
		};
		C9ADD017294875E800D66B12 /* Model */ = {
			isa = PBXGroup;
			children = (
				C9ADD00E294865C000D66B12 /* Model.swift */,
			);
			path = Model;
			sourceTree = "<group>";
		};
		C9ADD018294875EC00D66B12 /* ViewModel */ = {
			isa = PBXGroup;
			children = (
				C9ADD0122948674800D66B12 /* ViewModel.swift */,
			);
			path = ViewModel;
			sourceTree = "<group>";
		};
		C9ADD0192948761700D66B12 /* Extenshions */ = {
			isa = PBXGroup;
			children = (
				C9ADD01429486A0E00D66B12 /* UITextField+Publisher.swift */,
			);
			path = Extenshions;
			sourceTree = "<group>";
		};
		C9ADD01A2948763B00D66B12 /* Network */ = {
			isa = PBXGroup;
			children = (
				C9ADD0102948664F00D66B12 /* WeatherAPI.swift */,
			);
			path = Network;
			sourceTree = "<group>";
		};
/* End PBXGroup section */

/* Begin PBXNativeTarget section */
		C9ADCFF42948659100D66B12 /* WeatherAppCombine */ = {
			isa = PBXNativeTarget;
			buildConfigurationList = C9ADD0092948659300D66B12 /* Build configuration list for PBXNativeTarget "WeatherAppCombine" */;
			buildPhases = (
				C9ADCFF12948659100D66B12 /* Sources */,
				C9ADCFF22948659100D66B12 /* Frameworks */,
				C9ADCFF32948659100D66B12 /* Resources */,
			);
			buildRules = (
			);
			dependencies = (
			);
			name = WeatherAppCombine;
			productName = WeatherAppCombine;
			productReference = C9ADCFF52948659100D66B12 /* WeatherAppCombine.app */;
			productType = "com.apple.product-type.application";
		};
/* End PBXNativeTarget section */

/* Begin PBXProject section */
		C9ADCFED2948659100D66B12 /* Project object */ = {
			isa = PBXProject;
			attributes = {
				BuildIndependentTargetsInParallel = 1;
				LastSwiftUpdateCheck = 1400;
				LastUpgradeCheck = 1400;
				TargetAttributes = {
					C9ADCFF42948659100D66B12 = {
						CreatedOnToolsVersion = 14.0.1;
					};
				};
			};
			buildConfigurationList = C9ADCFF02948659100D66B12 /* Build configuration list for PBXProject "WeatherAppCombine" */;
			compatibilityVersion = "Xcode 14.0";
			developmentRegion = en;
			hasScannedForEncodings = 0;
			knownRegions = (
				en,
				Base,
			);
			mainGroup = C9ADCFEC2948659100D66B12;
			productRefGroup = C9ADCFF62948659100D66B12 /* Products */;
			projectDirPath = "";
			projectRoot = "";
			targets = (
				C9ADCFF42948659100D66B12 /* WeatherAppCombine */,
			);
		};
/* End PBXProject section */

/* Begin PBXResourcesBuildPhase section */
		C9ADCFF32948659100D66B12 /* Resources */ = {
			isa = PBXResourcesBuildPhase;
			buildActionMask = 2147483647;
			files = (
				C9ADD0052948659300D66B12 /* LaunchScreen.storyboard in Resources */,
				C9ADD0022948659300D66B12 /* Assets.xcassets in Resources */,
				C9ADD0002948659100D66B12 /* Main.storyboard in Resources */,
			);
			runOnlyForDeploymentPostprocessing = 0;
		};
/* End PBXResourcesBuildPhase section */

/* Begin PBXSourcesBuildPhase section */
		C9ADCFF12948659100D66B12 /* Sources */ = {
			isa = PBXSourcesBuildPhase;
			buildActionMask = 2147483647;
			files = (
				C9ADCFFD2948659100D66B12 /* ViewController.swift in Sources */,
				C9ADCFF92948659100D66B12 /* AppDelegate.swift in Sources */,
				C9ADCFFB2948659100D66B12 /* SceneDelegate.swift in Sources */,
				C9ADD0112948664F00D66B12 /* WeatherAPI.swift in Sources */,
				C9ADD01529486A0E00D66B12 /* UITextField+Publisher.swift in Sources */,
				C9ADD0132948674800D66B12 /* ViewModel.swift in Sources */,
				C9ADD00F294865C000D66B12 /* Model.swift in Sources */,
			);
			runOnlyForDeploymentPostprocessing = 0;
		};
/* End PBXSourcesBuildPhase section */

/* Begin PBXVariantGroup section */
		C9ADCFFE2948659100D66B12 /* Main.storyboard */ = {
			isa = PBXVariantGroup;
			children = (
				C9ADCFFF2948659100D66B12 /* Base */,
			);
			name = Main.storyboard;
			sourceTree = "<group>";
		};
		C9ADD0032948659300D66B12 /* LaunchScreen.storyboard */ = {
			isa = PBXVariantGroup;
			children = (
				C9ADD0042948659300D66B12 /* Base */,
			);
			name = LaunchScreen.storyboard;
			sourceTree = "<group>";
		};
/* End PBXVariantGroup section */

/* Begin XCBuildConfiguration section */
		C9ADD0072948659300D66B12 /* Debug */ = {
			isa = XCBuildConfiguration;
			buildSettings = {
				ALWAYS_SEARCH_USER_PATHS = NO;
				CLANG_ANALYZER_NONNULL = YES;
				CLANG_ANALYZER_NUMBER_OBJECT_CONVERSION = YES_AGGRESSIVE;
				CLANG_CXX_LANGUAGE_STANDARD = "gnu++20";
				CLANG_ENABLE_MODULES = YES;
				CLANG_ENABLE_OBJC_ARC = YES;
				CLANG_ENABLE_OBJC_WEAK = YES;
				CLANG_WARN_BLOCK_CAPTURE_AUTORELEASING = YES;
				CLANG_WARN_BOOL_CONVERSION = YES;
				CLANG_WARN_COMMA = YES;
				CLANG_WARN_CONSTANT_CONVERSION = YES;
				CLANG_WARN_DEPRECATED_OBJC_IMPLEMENTATIONS = YES;
				CLANG_WARN_DIRECT_OBJC_ISA_USAGE = YES_ERROR;
				CLANG_WARN_DOCUMENTATION_COMMENTS = YES;
				CLANG_WARN_EMPTY_BODY = YES;
				CLANG_WARN_ENUM_CONVERSION = YES;
				CLANG_WARN_INFINITE_RECURSION = YES;
				CLANG_WARN_INT_CONVERSION = YES;
				CLANG_WARN_NON_LITERAL_NULL_CONVERSION = YES;
				CLANG_WARN_OBJC_IMPLICIT_RETAIN_SELF = YES;
				CLANG_WARN_OBJC_LITERAL_CONVERSION = YES;
				CLANG_WARN_OBJC_ROOT_CLASS = YES_ERROR;
				CLANG_WARN_QUOTED_INCLUDE_IN_FRAMEWORK_HEADER = YES;
				CLANG_WARN_RANGE_LOOP_ANALYSIS = YES;
				CLANG_WARN_STRICT_PROTOTYPES = YES;
				CLANG_WARN_SUSPICIOUS_MOVE = YES;
				CLANG_WARN_UNGUARDED_AVAILABILITY = YES_AGGRESSIVE;
				CLANG_WARN_UNREACHABLE_CODE = YES;
				CLANG_WARN__DUPLICATE_METHOD_MATCH = YES;
				COPY_PHASE_STRIP = NO;
				DEBUG_INFORMATION_FORMAT = dwarf;
				ENABLE_STRICT_OBJC_MSGSEND = YES;
				ENABLE_TESTABILITY = YES;
				GCC_C_LANGUAGE_STANDARD = gnu11;
				GCC_DYNAMIC_NO_PIC = NO;
				GCC_NO_COMMON_BLOCKS = YES;
				GCC_OPTIMIZATION_LEVEL = 0;
				GCC_PREPROCESSOR_DEFINITIONS = (
					"DEBUG=1",
					"$(inherited)",
				);
				GCC_WARN_64_TO_32_BIT_CONVERSION = YES;
				GCC_WARN_ABOUT_RETURN_TYPE = YES_ERROR;
				GCC_WARN_UNDECLARED_SELECTOR = YES;
				GCC_WARN_UNINITIALIZED_AUTOS = YES_AGGRESSIVE;
				GCC_WARN_UNUSED_FUNCTION = YES;
				GCC_WARN_UNUSED_VARIABLE = YES;
				IPHONEOS_DEPLOYMENT_TARGET = 16.0;
				MTL_ENABLE_DEBUG_INFO = INCLUDE_SOURCE;
				MTL_FAST_MATH = YES;
				ONLY_ACTIVE_ARCH = YES;
				SDKROOT = iphoneos;
				SWIFT_ACTIVE_COMPILATION_CONDITIONS = DEBUG;
				SWIFT_OPTIMIZATION_LEVEL = "-Onone";
			};
			name = Debug;
		};
		C9ADD0082948659300D66B12 /* Release */ = {
			isa = XCBuildConfiguration;
			buildSettings = {
				ALWAYS_SEARCH_USER_PATHS = NO;
				CLANG_ANALYZER_NONNULL = YES;
				CLANG_ANALYZER_NUMBER_OBJECT_CONVERSION = YES_AGGRESSIVE;
				CLANG_CXX_LANGUAGE_STANDARD = "gnu++20";
				CLANG_ENABLE_MODULES = YES;
				CLANG_ENABLE_OBJC_ARC = YES;
				CLANG_ENABLE_OBJC_WEAK = YES;
				CLANG_WARN_BLOCK_CAPTURE_AUTORELEASING = YES;
				CLANG_WARN_BOOL_CONVERSION = YES;
				CLANG_WARN_COMMA = YES;
				CLANG_WARN_CONSTANT_CONVERSION = YES;
				CLANG_WARN_DEPRECATED_OBJC_IMPLEMENTATIONS = YES;
				CLANG_WARN_DIRECT_OBJC_ISA_USAGE = YES_ERROR;
				CLANG_WARN_DOCUMENTATION_COMMENTS = YES;
				CLANG_WARN_EMPTY_BODY = YES;
				CLANG_WARN_ENUM_CONVERSION = YES;
				CLANG_WARN_INFINITE_RECURSION = YES;
				CLANG_WARN_INT_CONVERSION = YES;
				CLANG_WARN_NON_LITERAL_NULL_CONVERSION = YES;
				CLANG_WARN_OBJC_IMPLICIT_RETAIN_SELF = YES;
				CLANG_WARN_OBJC_LITERAL_CONVERSION = YES;
				CLANG_WARN_OBJC_ROOT_CLASS = YES_ERROR;
				CLANG_WARN_QUOTED_INCLUDE_IN_FRAMEWORK_HEADER = YES;
				CLANG_WARN_RANGE_LOOP_ANALYSIS = YES;
				CLANG_WARN_STRICT_PROTOTYPES = YES;
				CLANG_WARN_SUSPICIOUS_MOVE = YES;
				CLANG_WARN_UNGUARDED_AVAILABILITY = YES_AGGRESSIVE;
				CLANG_WARN_UNREACHABLE_CODE = YES;
				CLANG_WARN__DUPLICATE_METHOD_MATCH = YES;
				COPY_PHASE_STRIP = NO;
				DEBUG_INFORMATION_FORMAT = "dwarf-with-dsym";
				ENABLE_NS_ASSERTIONS = NO;
				ENABLE_STRICT_OBJC_MSGSEND = YES;
				GCC_C_LANGUAGE_STANDARD = gnu11;
				GCC_NO_COMMON_BLOCKS = YES;
				GCC_WARN_64_TO_32_BIT_CONVERSION = YES;
				GCC_WARN_ABOUT_RETURN_TYPE = YES_ERROR;
				GCC_WARN_UNDECLARED_SELECTOR = YES;
				GCC_WARN_UNINITIALIZED_AUTOS = YES_AGGRESSIVE;
				GCC_WARN_UNUSED_FUNCTION = YES;
				GCC_WARN_UNUSED_VARIABLE = YES;
				IPHONEOS_DEPLOYMENT_TARGET = 16.0;
				MTL_ENABLE_DEBUG_INFO = NO;
				MTL_FAST_MATH = YES;
				SDKROOT = iphoneos;
				SWIFT_COMPILATION_MODE = wholemodule;
				SWIFT_OPTIMIZATION_LEVEL = "-O";
				VALIDATE_PRODUCT = YES;
			};
			name = Release;
		};
		C9ADD00A2948659300D66B12 /* Debug */ = {
			isa = XCBuildConfiguration;
			buildSettings = {
				ASSETCATALOG_COMPILER_APPICON_NAME = AppIcon;
				ASSETCATALOG_COMPILER_GLOBAL_ACCENT_COLOR_NAME = AccentColor;
				CODE_SIGN_STYLE = Automatic;
				CURRENT_PROJECT_VERSION = 1;
				DEVELOPMENT_TEAM = 6ZBBJJ3996;
				GENERATE_INFOPLIST_FILE = YES;
				INFOPLIST_FILE = WeatherAppCombine/Info.plist;
				INFOPLIST_KEY_UIApplicationSupportsIndirectInputEvents = YES;
				INFOPLIST_KEY_UILaunchStoryboardName = LaunchScreen;
				INFOPLIST_KEY_UIMainStoryboardFile = Main;
				INFOPLIST_KEY_UISupportedInterfaceOrientations_iPad = "UIInterfaceOrientationPortrait UIInterfaceOrientationPortraitUpsideDown UIInterfaceOrientationLandscapeLeft UIInterfaceOrientationLandscapeRight";
				INFOPLIST_KEY_UISupportedInterfaceOrientations_iPhone = "UIInterfaceOrientationPortrait UIInterfaceOrientationLandscapeLeft UIInterfaceOrientationLandscapeRight";
				LD_RUNPATH_SEARCH_PATHS = (
					"$(inherited)",
					"@executable_path/Frameworks",
				);
				MARKETING_VERSION = 1.0;
				PRODUCT_BUNDLE_IDENTIFIER = com.CEZ.WeatherAppCombine;
				PRODUCT_NAME = "$(TARGET_NAME)";
				SWIFT_EMIT_LOC_STRINGS = YES;
				SWIFT_VERSION = 5.0;
				TARGETED_DEVICE_FAMILY = "1,2";
			};
			name = Debug;
		};
		C9ADD00B2948659300D66B12 /* Release */ = {
			isa = XCBuildConfiguration;
			buildSettings = {
				ASSETCATALOG_COMPILER_APPICON_NAME = AppIcon;
				ASSETCATALOG_COMPILER_GLOBAL_ACCENT_COLOR_NAME = AccentColor;
				CODE_SIGN_STYLE = Automatic;
				CURRENT_PROJECT_VERSION = 1;
				DEVELOPMENT_TEAM = 6ZBBJJ3996;
				GENERATE_INFOPLIST_FILE = YES;
				INFOPLIST_FILE = WeatherAppCombine/Info.plist;
				INFOPLIST_KEY_UIApplicationSupportsIndirectInputEvents = YES;
				INFOPLIST_KEY_UILaunchStoryboardName = LaunchScreen;
				INFOPLIST_KEY_UIMainStoryboardFile = Main;
				INFOPLIST_KEY_UISupportedInterfaceOrientations_iPad = "UIInterfaceOrientationPortrait UIInterfaceOrientationPortraitUpsideDown UIInterfaceOrientationLandscapeLeft UIInterfaceOrientationLandscapeRight";
				INFOPLIST_KEY_UISupportedInterfaceOrientations_iPhone = "UIInterfaceOrientationPortrait UIInterfaceOrientationLandscapeLeft UIInterfaceOrientationLandscapeRight";
				LD_RUNPATH_SEARCH_PATHS = (
					"$(inherited)",
					"@executable_path/Frameworks",
				);
				MARKETING_VERSION = 1.0;
				PRODUCT_BUNDLE_IDENTIFIER = com.CEZ.WeatherAppCombine;
				PRODUCT_NAME = "$(TARGET_NAME)";
				SWIFT_EMIT_LOC_STRINGS = YES;
				SWIFT_VERSION = 5.0;
				TARGETED_DEVICE_FAMILY = "1,2";
			};
			name = Release;
		};
/* End XCBuildConfiguration section */

/* Begin XCConfigurationList section */
		C9ADCFF02948659100D66B12 /* Build configuration list for PBXProject "WeatherAppCombine" */ = {
			isa = XCConfigurationList;
			buildConfigurations = (
				C9ADD0072948659300D66B12 /* Debug */,
				C9ADD0082948659300D66B12 /* Release */,
			);
			defaultConfigurationIsVisible = 0;
			defaultConfigurationName = Release;
		};
		C9ADD0092948659300D66B12 /* Build configuration list for PBXNativeTarget "WeatherAppCombine" */ = {
			isa = XCConfigurationList;
			buildConfigurations = (
				C9ADD00A2948659300D66B12 /* Debug */,
				C9ADD00B2948659300D66B12 /* Release */,
			);
			defaultConfigurationIsVisible = 0;
			defaultConfigurationName = Release;
		};
/* End XCConfigurationList section */
	};
	rootObject = C9ADCFED2948659100D66B12 /* Project object */;
}
